{
  "name": "blaxsmith-runtime-linux-amd64-proof",
  "version": "0.1.0",
  "lockfileVersion": 3,
  "requires": true,
  "packages": {
    "": {
      "name": "blaxsmith-runtime-linux-amd64-proof",
      "version": "0.1.0",
      "dependencies": {
        "@anthropic-ai/claude-code": "2.1.280",
        "@openai/codex": "0.156.1",
        "@opencode/cli": "2.0.14"
      }
    },
    "node_modules/@anthropic-ai/claude-code": {
      "version": "2.1.280",
      "resolved": "https://registry.npmjs.org/@anthropic-ai/claude-code/-/claude-code-2.1.280.tgz",
      "integrity": "sha512-EZlX8jqNf+e7q9v+UoPbLYAbEGth7aDbcTytHzPYYohbP/fCfrjboCbcv85ZYGEq1Rq7Amm8hXLhuCKxLsabwA==",
      "hasInstallScript": true,
      "license": "SEE LICENSE IN README.md",
      "bin": {
        "claude": "bin/claude.exe"
      },
      "engines": {
        "node": ">=22.0.0"
      },
      "optionalDependencies": {
        "@anthropic-ai/claude-code-darwin-arm64": "2.1.280",
        "@anthropic-ai/claude-code-darwin-x64": "2.1.280",
        "@anthropic-ai/claude-code-linux-arm64": "2.1.280",
        "@anthropic-ai/claude-code-linux-arm64-musl": "2.1.280",
        "@anthropic-ai/claude-code-linux-x64": "2.1.280",
        "@anthropic-ai/claude-code-linux-x64-musl": "2.1.280",
        "@anthropic-ai/claude-code-win32-arm64": "2.1.280",
        "@anthropic-ai/claude-code-win32-x64": "2.1.280"
      }
    },
    "node_modules/@anthropic-ai/claude-code-darwin-arm64": {
      "version": "2.1.280",
      "resolved": "https://registry.npmjs.org/@anthropic-ai/claude-code-darwin-arm64/-/claude-code-darwin-arm64-2.1.280.tgz",
      "integrity": "sha512-ctkNgja8Yi2kngVFPO2667k6zbtJwjQ+dOTeEp1XmzHcoDFdaee4h4WVgZllsewm/Io+pPPPSFQVdGHOtdE/1A==",
      "cpu": [
        "arm64"
      ],
      "license": "SEE LICENSE IN LICENSE.md",
      "optional": true,
      "os": [
        "darwin"
      ]
    },
    "node_modules/@anthropic-ai/claude-code-darwin-x64": {
      "version": "2.1.280",
      "resolved": "https://registry.npmjs.org/@anthropic-ai/claude-code-darwin-x64/-/claude-code-darwin-x64-2.1.280.tgz",
      "integrity": "sha512-991qNyZVC/ra6THRMLDJ1mB1a+/C/bpKEA1w5ttNJA0mTvVm012kAbS3Pf7zrvRBFe7fU1KeHkGlTTq49519qA==",
      "cpu": [
        "x64"
      ],
      "license": "SEE LICENSE IN LICENSE.md",
      "optional": true,
      "os": [
        "darwin"
      ]
    },
    "node_modules/@anthropic-ai/claude-code-linux-arm64": {
      "version": "2.1.280",
      "resolved": "https://registry.npmjs.org/@anthropic-ai/claude-code-linux-arm64/-/claude-code-linux-arm64-2.1.280.tgz",
      "integrity": "sha512-zB4oqrFwimkV/FmBOkVxvv8iYgsuDSp7/MY8uYTns4SCE4DwdHz58X1cO1sgqLnCR96A0oU7Yirov1Uk3iGKAA==",
      "cpu": [
        "arm64"
      ],
      "libc": [
        "glibc"
      ],
      "license": "SEE LICENSE IN LICENSE.md",
      "optional": true,
      "os": [
        "linux"
      ]
    },
    "node_modules/@anthropic-ai/claude-code-linux-arm64-musl": {
      "version": "2.1.280",
      "resolved": "https://registry.npmjs.org/@anthropic-ai/claude-code-linux-arm64-musl/-/claude-code-linux-arm64-musl-2.1.280.tgz",
      "integrity": "sha512-SCpowU8dQo7tlh0m0Pp6KByEtfLtQYNu9QTGSWT3CZ8XlxStT45z8q7DWdm5/WVpR5iFmQJbqT7y9BSPsT0G/Q==",
      "cpu": [
        "arm64"
      ],
      "libc": [
        "musl"
      ],
      "license": "SEE LICENSE IN LICENSE.md",
      "optional": true,
      "os": [
        "linux"
      ]
    },
    "node_modules/@anthropic-ai/claude-code-linux-x64": {
      "version": "2.1.280",
      "resolved": "https://registry.npmjs.org/@anthropic-ai/claude-code-linux-x64/-/claude-code-linux-x64-2.1.280.tgz",
      "integrity": "sha512-dJHWFrDSIZ26hdLucnK3ehLmzdzYl3MsPC1RzUctAUaYnZlH5kfAZxnK8qYRAQ89GX3OPrLsnFdt/QnP+0Ck6Q==",
      "cpu": [
        "x64"
      ],
      "libc": [
        "glibc"
      ],
      "license": "SEE LICENSE IN LICENSE.md",
      "optional": true,
      "os": [
        "linux"
      ]
    },
    "node_modules/@anthropic-ai/claude-code-linux-x64-musl": {
      "version": "2.1.280",
      "resolved": "https://registry.npmjs.org/@anthropic-ai/claude-code-linux-x64-musl/-/claude-code-linux-x64-musl-2.1.280.tgz",
      "integrity": "sha512-ch/0huIHL0oJLOFeuraNtavmAlQZ8+EyGltrkbSm/eHM1KtRl9Xr0mwbkF0M16RF4QGBe6da1Z1okLmZLVkPLw==",
      "cpu": [
        "x64"
      ],
      "libc": [
        "musl"
      ],
      "license": "SEE LICENSE IN LICENSE.md",
      "optional": true,
      "os": [
        "linux"
      ]
    },
    "node_modules/@anthropic-ai/claude-code-win32-arm64": {
      "version": "2.1.280",
      "resolved": "https://registry.npmjs.org/@anthropic-ai/claude-code-win32-arm64/-/claude-code-win32-arm64-2.1.280.tgz",
      "integrity": "sha512-0g6yAB6hyCJxo6yQt6SVEV7xQwqaLmz2TxM1F56mRwIPjMwIpjqESI/lYR7efNA1o3Flir4jK96PtkO7fg5WUw==",
      "cpu": [
        "arm64"
      ],
      "license": "SEE LICENSE IN LICENSE.md",
      "optional": true,
      "os": [
        "win32"
      ]
    },
    "node_modules/@anthropic-ai/claude-code-win32-x64": {
      "version": "2.1.280",
      "resolved": "https://registry.npmjs.org/@anthropic-ai/claude-code-win32-x64/-/claude-code-win32-x64-2.1.280.tgz",
      "integrity": "sha512-/Cbb0f28a9iKVoZwgrGhNT7/5c8dhDbnKwaQvJFz8qjApgcfrWEtBmDQbOP0WbGH56NyytJGJ1oQfpfsCfIQcA==",
      "cpu": [
        "x64"
      ],
      "license": "SEE LICENSE IN LICENSE.md",
      "optional": true,
      "os": [
        "win32"
      ]
    },
    "node_modules/@openai/codex": {
      "version": "0.156.1",
      "resolved": "https://registry.npmjs.org/@openai/codex/-/codex-0.156.1.tgz",
      "integrity": "sha512-nI1iVl/n2SO2lSvlwEsJx63zdSI4C4Me2gR7AG0OWMJiGSakz2tY2hx43E39Zq5aEoeB5bZjJXzp5Sqhog6vyA==",
      "license": "Apache-2.0",
      "bin": {
        "codex": "bin/codex.js"
      },
      "engines": {
        "node": ">=16"
      },
      "optionalDependencies": {
        "@openai/codex-darwin-arm64": "npm:@openai/codex@0.156.1-darwin-arm64",
        "@openai/codex-darwin-x64": "npm:@openai/codex@0.156.1-darwin-x64",
        "@openai/codex-linux-arm64": "npm:@openai/codex@0.156.1-linux-arm64",
        "@openai/codex-linux-x64": "npm:@openai/codex@0.156.1-linux-x64",
        "@openai/codex-win32-arm64": "npm:@openai/codex@0.156.1-win32-arm64",
        "@openai/codex-win32-x64": "npm:@openai/codex@0.156.1-win32-x64"
      }
    },
    "node_modules/@openai/codex-darwin-arm64": {
      "name": "@openai/codex",
      "version": "0.156.1-darwin-arm64",
      "resolved": "https://registry.npmjs.org/@openai/codex/-/codex-0.156.1-darwin-arm64.tgz",
      "integrity": "sha512-Jg6wbdV+wmMZczhwE74GSxOYEZlViKXn6KyCw/yfrz3PAKFD14xljuPopmdhWC1+8IKU2WdN5fdmXNPt2q4HPA==",
      "cpu": [
        "arm64"
      ],
      "license": "Apache-2.0",
      "optional": true,
      "os": [
        "darwin"
      ],
      "engines": {
        "node": ">=16"
      }
    },
    "node_modules/@openai/codex-darwin-x64": {
      "name": "@openai/codex",
      "version": "0.156.1-darwin-x64",
      "resolved": "https://registry.npmjs.org/@openai/codex/-/codex-0.156.1-darwin-x64.tgz",
      "integrity": "sha512-BVjqNOoltWrnNUrgMRepvDIIBmd4XY+ikAE4pYVHlrwiizNlEWQuCQOTrFMJKp54LFRG8jDTjLZyYQ1QrliuOg==",
      "cpu": [
        "x64"
      ],
      "license": "Apache-2.0",
      "optional": true,
      "os": [
        "darwin"
      ],
      "engines": {
        "node": ">=16"
      }
    },
    "node_modules/@openai/codex-linux-arm64": {
      "name": "@openai/codex",
      "version": "0.156.1-linux-arm64",
      "resolved": "https://registry.npmjs.org/@openai/codex/-/codex-0.156.1-linux-arm64.tgz",
      "integrity": "sha512-sTEHk31C12dqzJdjZ2u9KLFCXKL04KyCM+QheSjdQI8uzmVJS7aEF2/qAqFxXwk/jwMzC9u7IihfoIlAGR6YsA==",
      "cpu": [
        "arm64"
      ],
      "license": "Apache-2.0",
      "optional": true,
      "os": [
        "linux"
      ],
      "engines": {
        "node": ">=16"
      }
    },
    "node_modules/@openai/codex-linux-x64": {
      "name": "@openai/codex",
      "version": "0.156.1-linux-x64",
      "resolved": "https://registry.npmjs.org/@openai/codex/-/codex-0.156.1-linux-x64.tgz",
      "integrity": "sha512-2ePo0wgOcnONKsuzp8vBjOmNY+IdsKaouaDDIdiKq9HOWNuV/GI22OeXft2A/1GaoL71ictO0/pLAsCEnQ6wew==",
      "cpu": [
        "x64"
      ],
      "license": "Apache-2.0",
      "optional": true,
      "os": [
        "linux"
      ],
      "engines": {
        "node": ">=16"
      }
    },
    "node_modules/@openai/codex-win32-arm64": {
      "name": "@openai/codex",
      "version": "0.156.1-win32-arm64",
      "resolved": "https://registry.npmjs.org/@openai/codex/-/codex-0.156.1-win32-arm64.tgz",
      "integrity": "sha512-e5DsyOHlKWulTBz/neIczpcYLQDqtaLtBj2lgncOgeQw5mlAQVZHlGvKsoKVcEPUKLb8opIMJBxXi6cz3JJ4hg==",
      "cpu": [
        "arm64"
      ],
      "license": "Apache-2.0",
      "optional": true,
      "os": [
        "win32"
      ],
      "engines": {
        "node": ">=16"
      }
    },
    "node_modules/@openai/codex-win32-x64": {
      "name": "@openai/codex",
      "version": "0.156.1-win32-x64",
      "resolved": "https://registry.npmjs.org/@openai/codex/-/codex-0.156.1-win32-x64.tgz",
      "integrity": "sha512-MJyLxbBs2zzp5kbaR/99Zwe7SmbrwUkveTcT+ayYlO48V0nYh0eU+h2lalBwvC7VJ/ya/bXnUtISJfJKhGCD/g==",
      "cpu": [
        "x64"
      ],
      "license": "Apache-2.0",
      "optional": true,
      "os": [
        "win32"
      ],
      "engines": {
        "node": ">=16"
      }
    },
    "node_modules/@opencode/cli": {
      "version": "2.0.14",
      "resolved": "https://registry.npmjs.org/@opencode/cli/-/cli-2.0.14.tgz",
      "integrity": "sha512-bA/dHw2+ZKD+ghhh2qrYvMF15v2uHSLCwSpsIs5rbI8J2tx69bJxuLd2J/DEWu5yUkgbElOtsVik2Uco1G7Z/A==",
      "cpu": [
        "arm64",
        "x64"
      ],
      "hasInstallScript": true,
      "license": "MIT",
      "os": [
        "darwin",
        "linux",
        "win32"
      ],
      "bin": {
        "opencode": "bin/opencode.exe",
        "opencode2": "bin/opencode.exe"
      },
      "optionalDependencies": {
        "@opencode/cli-darwin-arm64": "2.0.14",
        "@opencode/cli-darwin-x64": "2.0.14",
        "@opencode/cli-darwin-x64-baseline": "2.0.14",
        "@opencode/cli-linux-arm64": "2.0.14",
        "@opencode/cli-linux-arm64-musl": "2.0.14",
        "@opencode/cli-linux-x64": "2.0.14",
        "@opencode/cli-linux-x64-baseline": "2.0.14",
        "@opencode/cli-linux-x64-baseline-musl": "2.0.14",
        "@opencode/cli-linux-x64-musl": "2.0.14",
        "@opencode/cli-windows-arm64": "2.0.14",
        "@opencode/cli-windows-x64": "2.0.14",
        "@opencode/cli-windows-x64-baseline": "2.0.14"
      }
    },
    "node_modules/@opencode/cli-darwin-arm64": {
      "version": "2.0.14",
      "resolved": "https://registry.npmjs.org/@opencode/cli-darwin-arm64/-/cli-darwin-arm64-2.0.14.tgz",
      "integrity": "sha512-rAv4hutXUkS3/kBiw2bYuokXYPKOBuck8D39eAMY3FDsUt5AWgM4X7wW/2dKhz6BgVwc1rgWio5MDYrfvS5png==",
      "cpu": [
        "arm64"
      ],
      "license": "MIT",
      "optional": true,
      "os": [
        "darwin"
      ]
    },
    "node_modules/@opencode/cli-darwin-x64": {
      "version": "2.0.14",
      "resolved": "https://registry.npmjs.org/@opencode/cli-darwin-x64/-/cli-darwin-x64-2.0.14.tgz",
      "integrity": "sha512-1Q2eqPy+0Ei+jkGXqvJKaEJ59rgr3kuyMwJs9+TuD5IvJ5uovaw7PCxbVCdS6u9o5Ko0cOwKTq1yZu+s4UxtNQ==",
      "cpu": [
        "x64"
      ],
      "license": "MIT",
      "optional": true,
      "os": [
        "darwin"
      ]
    },
    "node_modules/@opencode/cli-darwin-x64-baseline": {
      "version": "2.0.14",
      "resolved": "https://registry.npmjs.org/@opencode/cli-darwin-x64-baseline/-/cli-darwin-x64-baseline-2.0.14.tgz",
      "integrity": "sha512-zouKRwlYb0/92G35D6iDWKOb7PoB/nmCL5Oql63CH5PYEq2XwE/AXb1mP7s7TAi26xtCDrl36P/wwJw3GQ5luQ==",
      "cpu": [
        "x64"
      ],
      "license": "MIT",
      "optional": true,
      "os": [
        "darwin"
      ]
    },
    "node_modules/@opencode/cli-linux-arm64": {
      "version": "2.0.14",
      "resolved": "https://registry.npmjs.org/@opencode/cli-linux-arm64/-/cli-linux-arm64-2.0.14.tgz",
      "integrity": "sha512-wlTLi73Yj3ms7/OrPjF+3dwWz80sFkYSZvOvsU1uYKF5kzA7MCwCYgRZrQudRw9RQZeKt90uVI0fRtBdIPN+dw==",
      "cpu": [
        "arm64"
      ],
      "license": "MIT",
      "optional": true,
      "os": [
        "linux"
      ]
    },
    "node_modules/@opencode/cli-linux-arm64-musl": {
      "version": "2.0.14",
      "resolved": "https://registry.npmjs.org/@opencode/cli-linux-arm64-musl/-/cli-linux-arm64-musl-2.0.14.tgz",
      "integrity": "sha512-DtHGEPHkuXixMxyEad7wHR0oXdX/Br6MO990+uYnFZebyFhJFA0r967Chp542oxjRwyAzQFG+98+XHCHncaAyw==",
      "cpu": [
        "arm64"
      ],
      "license": "MIT",
      "optional": true,
      "os": [
        "linux"
      ]
    },
    "node_modules/@opencode/cli-linux-x64": {
      "version": "2.0.14",
      "resolved": "https://registry.npmjs.org/@opencode/cli-linux-x64/-/cli-linux-x64-2.0.14.tgz",
      "integrity": "sha512-YFGnck40hBmD8S785zHi1sCZMVodoyxy615SrEo+YXJj/i92I8ViETodsY6Yde0H0VJk/ZuLu8mrllOA4wbAlQ==",
      "cpu": [
        "x64"
      ],
      "license": "MIT",
      "optional": true,
      "os": [
        "linux"
      ]
    },
    "node_modules/@opencode/cli-linux-x64-baseline": {
      "version": "2.0.14",
      "resolved": "https://registry.npmjs.org/@opencode/cli-linux-x64-baseline/-/cli-linux-x64-baseline-2.0.14.tgz",
      "integrity": "sha512-kqkUnXzk0vqmwBAJ3p0IP+jOQcnEb78pCxAAyZHvWzaJVz+aCciOPRsrQO2h/lVqWPb14vJDhQ6dY8/VylYl7A==",
      "cpu": [
        "x64"
      ],
      "license": "MIT",
      "optional": true,
      "os": [
        "linux"
      ]
    },
    "node_modules/@opencode/cli-linux-x64-baseline-musl": {
      "version": "2.0.14",
      "resolved": "https://registry.npmjs.org/@opencode/cli-linux-x64-baseline-musl/-/cli-linux-x64-baseline-musl-2.0.14.tgz",
      "integrity": "sha512-X9866F7O8T9y6jNOsWZ7PtSsmfCIpRMv3W7SkUpQIFEa0fcekWdq0GEQVMVg8gOs90jM5CVRHmkX0JFV4pvP5A==",
      "cpu": [
        "x64"
      ],
      "license": "MIT",
      "optional": true,
      "os": [
        "linux"
      ]
    },
    "node_modules/@opencode/cli-linux-x64-musl": {
      "version": "2.0.14",
      "resolved": "https://registry.npmjs.org/@opencode/cli-linux-x64-musl/-/cli-linux-x64-musl-2.0.14.tgz",
      "integrity": "sha512-Bi1QeJ0F2FZRbjl6Mv+GDLjb+M3KsCpd6BMBJ2refp/GeFWdtLEVepaUmpxY7BvoI50ixf3xtAEnTFg4PL+35Q==",
      "cpu": [
        "x64"
      ],
      "license": "MIT",
      "optional": true,
      "os": [
        "linux"
      ]
    },
    "node_modules/@opencode/cli-windows-arm64": {
      "version": "2.0.14",
      "resolved": "https://registry.npmjs.org/@opencode/cli-windows-arm64/-/cli-windows-arm64-2.0.14.tgz",
      "integrity": "sha512-R5t+LkF6YpdJxSISovu6IkRZNfBLZwStndCUmqbT8B3Q9d/IOCT5HH9C94VKe9N/PSFw3nQZdI2WVnyR7I5g+A==",
      "cpu": [
        "arm64"
      ],
      "license": "MIT",
      "optional": true,
      "os": [
        "win32"
      ]
    },
    "node_modules/@opencode/cli-windows-x64": {
      "version": "2.0.14",
      "resolved": "https://registry.npmjs.org/@opencode/cli-windows-x64/-/cli-windows-x64-2.0.14.tgz",
      "integrity": "sha512-najS+dtYpEJm1WLpEItsVZJiGhtJbBiL4cqIZZv57I/LiaYW2TO2ZHzfsDrr4akDHuRyTXRDHLuV7HWWJ0dnEw==",
      "cpu": [
        "x64"
      ],
      "license": "MIT",
      "optional": true,
      "os": [
        "win32"
      ]
    },
    "node_modules/@opencode/cli-windows-x64-baseline": {
      "version": "2.0.14",
      "resolved": "https://registry.npmjs.org/@opencode/cli-windows-x64-baseline/-/cli-windows-x64-baseline-2.0.14.tgz",
      "integrity": "sha512-xzcjSbdpEV2w8gfsCIbrfCS9WiLiJA9EpRXswdwVuEcGSDJSOOuA3a6op9MsxCH7k8PxGJQLBtWNkNYgAJZVPQ==",
      "cpu": [
        "x64"
      ],
      "license": "MIT",
      "optional": true,
      "os": [
        "win32"
      ]
    }
  }
}
